{
  "object": {
    "pins": [
      {
        "package": "Nimble",
        "repositoryURL": "https://github.com/Quick/Nimble",
        "state": {
          "branch": null,
          "revision": "e9d769113660769a4d9dd3afb855562c0b7ae7b0",
          "version": "7.3.4"
        }
      },
      {
        "package": "Quick",
        "repositoryURL": "https://github.com/Quick/Quick",
        "state": {
          "branch": null,
          "revision": "f2b5a06440ea87eba1a167cab37bf6496646c52e",
          "version": "1.3.4"
        }
      },
      {
        "package": "RxSwift",
        "repositoryURL": "https://github.com/ReactiveX/RxSwift.git",
        "state": {
          "branch": null,
          "revision": "a2348cef2a28fca5a1a5fa26b3ce62e6831c0a49",
          "version": "4.4.1"
        }
      }
    ]
  },
  "version": 1
}
