// !$*UTF8*$!
{
	archiveVersion = 1;
	classes = {
	};
	objectVersion = 46;
	objects = {

/* Begin PBXBuildFile section */
		1FCAB4CD1DC7845200EA6EBF /* RxCocoa.framework in Frameworks */ = {isa = PBXBuildFile; fileRef = 1FCAB4CC1DC7845200EA6EBF /* RxCocoa.framework */; };
		1FCAB4CF1DC7845700EA6EBF /* Pulsator.framework in Frameworks */ = {isa = PBXBuildFile; fileRef = 1FCAB4CE1DC7845700EA6EBF /* Pulsator.framework */; };
		1FCAB4D01DC784E400EA6EBF /* RxSwift.framework in Frameworks */ = {isa = PBXBuildFile; fileRef = 4822CC391D61961300783A77 /* RxSwift.framework */; };
		4822CC351D6194FD00783A77 /* MappingSpec.swift in Sources */ = {isa = PBXBuildFile; fileRef = 4822CC301D6194FD00783A77 /* MappingSpec.swift */; };
		4822CC3A1D61961300783A77 /* RxSwift.framework in Frameworks */ = {isa = PBXBuildFile; fileRef = 4822CC391D61961300783A77 /* RxSwift.framework */; };
		4822CC3B1D61961300783A77 /* RxSwift.framework in Frameworks */ = {isa = PBXBuildFile; fileRef = 4822CC391D61961300783A77 /* RxSwift.framework */; };
		4822CC401D61969C00783A77 /* Fixtures.swift in Sources */ = {isa = PBXBuildFile; fileRef = 4822CC3F1D61969C00783A77 /* Fixtures.swift */; };
		4822CC421D6197A800783A77 /* ToRACHelper.swift in Sources */ = {isa = PBXBuildFile; fileRef = 4822CC411D6197A800783A77 /* ToRACHelper.swift */; };
		487BDE631D619D3200C86902 /* AnyMappingSpec.swift in Sources */ = {isa = PBXBuildFile; fileRef = 4822CC2F1D6194FD00783A77 /* AnyMappingSpec.swift */; };
		487BDE641D619D4500C86902 /* TerminatingSpec.swift in Sources */ = {isa = PBXBuildFile; fileRef = 4822CC331D6194FD00783A77 /* TerminatingSpec.swift */; };
		487BDE6B1D61AFF300C86902 /* StrategyLatestSpec.swift in Sources */ = {isa = PBXBuildFile; fileRef = 4822CC321D6194FD00783A77 /* StrategyLatestSpec.swift */; };
		487BDE6C1D61B03700C86902 /* NextMappingSpec.swift in Sources */ = {isa = PBXBuildFile; fileRef = 4822CC311D6194FD00783A77 /* NextMappingSpec.swift */; };
		488738E01D61689000BF70F4 /* RxAutomaton.h in Headers */ = {isa = PBXBuildFile; fileRef = 488738DF1D61689000BF70F4 /* RxAutomaton.h */; settings = {ATTRIBUTES = (Public, ); }; };
		488738E71D61689100BF70F4 /* RxAutomaton.framework in Frameworks */ = {isa = PBXBuildFile; fileRef = 488738DC1D61689000BF70F4 /* RxAutomaton.framework */; };
		488738F71D6168A600BF70F4 /* Automaton.swift in Sources */ = {isa = PBXBuildFile; fileRef = 488738F61D6168A600BF70F4 /* Automaton.swift */; };
		48873F461D616AFD00BF70F4 /* Reply.swift in Sources */ = {isa = PBXBuildFile; fileRef = 48873F451D616AFD00BF70F4 /* Reply.swift */; };
		48873F481D616B4900BF70F4 /* Mapping+Helper.swift in Sources */ = {isa = PBXBuildFile; fileRef = 48873F471D616B4900BF70F4 /* Mapping+Helper.swift */; };
		48873F4A1D617EF600BF70F4 /* FlattenStrategy.swift in Sources */ = {isa = PBXBuildFile; fileRef = 48873F491D617EF600BF70F4 /* FlattenStrategy.swift */; };
		48AC076D1D61C962000293FD /* AppDelegate.swift in Sources */ = {isa = PBXBuildFile; fileRef = 48AC076C1D61C962000293FD /* AppDelegate.swift */; };
		48AC076F1D61C962000293FD /* ViewController.swift in Sources */ = {isa = PBXBuildFile; fileRef = 48AC076E1D61C962000293FD /* ViewController.swift */; };
		48AC07741D61C962000293FD /* Assets.xcassets in Resources */ = {isa = PBXBuildFile; fileRef = 48AC07731D61C962000293FD /* Assets.xcassets */; };
		48AC07771D61C962000293FD /* LaunchScreen.storyboard in Resources */ = {isa = PBXBuildFile; fileRef = 48AC07751D61C962000293FD /* LaunchScreen.storyboard */; };
		48AC07B41D61CA5B000293FD /* RxAutomaton.framework in Frameworks */ = {isa = PBXBuildFile; fileRef = 488738DC1D61689000BF70F4 /* RxAutomaton.framework */; };
		48AC07B51D61CA5B000293FD /* RxAutomaton.framework in Embed Frameworks */ = {isa = PBXBuildFile; fileRef = 488738DC1D61689000BF70F4 /* RxAutomaton.framework */; settings = {ATTRIBUTES = (CodeSignOnCopy, RemoveHeadersOnCopy, ); }; };
		48AC07C21D61CAF0000293FD /* Automaton.storyboard in Resources */ = {isa = PBXBuildFile; fileRef = 48AC07C01D61CAF0000293FD /* Automaton.storyboard */; };
		48AC07C31D61CC02000293FD /* State.swift in Sources */ = {isa = PBXBuildFile; fileRef = 48AC07BE1D61CAA7000293FD /* State.swift */; };
		48AC07C41D61CC04000293FD /* Input.swift in Sources */ = {isa = PBXBuildFile; fileRef = 48AC07BC1D61CAA0000293FD /* Input.swift */; };
		48AC07CB1D61CD6A000293FD /* Helpers.swift in Sources */ = {isa = PBXBuildFile; fileRef = 48AC07CA1D61CD6A000293FD /* Helpers.swift */; };
		48AC07CF1D61DA94000293FD /* RxSwift+Then.swift in Sources */ = {isa = PBXBuildFile; fileRef = 48AC07CE1D61DA94000293FD /* RxSwift+Then.swift */; };
		48AC07D21D61DADA000293FD /* RxSwift+Pipe.swift in Sources */ = {isa = PBXBuildFile; fileRef = 48AC07D11D61DADA000293FD /* RxSwift+Pipe.swift */; };
/* End PBXBuildFile section */

/* Begin PBXContainerItemProxy section */
		488738E81D61689100BF70F4 /* PBXContainerItemProxy */ = {
			isa = PBXContainerItemProxy;
			containerPortal = 488738D31D61689000BF70F4 /* Project object */;
			proxyType = 1;
			remoteGlobalIDString = 488738DB1D61689000BF70F4;
			remoteInfo = RxAutomaton;
		};
		48AC07B61D61CA5B000293FD /* PBXContainerItemProxy */ = {
			isa = PBXContainerItemProxy;
			containerPortal = 488738D31D61689000BF70F4 /* Project object */;
			proxyType = 1;
			remoteGlobalIDString = 488738DB1D61689000BF70F4;
			remoteInfo = RxAutomaton;
		};
/* End PBXContainerItemProxy section */

/* Begin PBXCopyFilesBuildPhase section */
		48AC07B31D61CA43000293FD /* Embed Frameworks */ = {
			isa = PBXCopyFilesBuildPhase;
			buildActionMask = 2147483647;
			dstPath = "";
			dstSubfolderSpec = 10;
			files = (
				48AC07B51D61CA5B000293FD /* RxAutomaton.framework in Embed Frameworks */,
			);
			name = "Embed Frameworks";
			runOnlyForDeploymentPostprocessing = 0;
		};
/* End PBXCopyFilesBuildPhase section */

/* Begin PBXFileReference section */
		1FCAB4CC1DC7845200EA6EBF /* RxCocoa.framework */ = {isa = PBXFileReference; lastKnownFileType = wrapper.framework; path = RxCocoa.framework; sourceTree = BUILT_PRODUCTS_DIR; };
		1FCAB4CE1DC7845700EA6EBF /* Pulsator.framework */ = {isa = PBXFileReference; lastKnownFileType = wrapper.framework; path = Pulsator.framework; sourceTree = BUILT_PRODUCTS_DIR; };
		4822CC2F1D6194FD00783A77 /* AnyMappingSpec.swift */ = {isa = PBXFileReference; fileEncoding = 4; lastKnownFileType = sourcecode.swift; path = AnyMappingSpec.swift; sourceTree = "<group>"; };
		4822CC301D6194FD00783A77 /* MappingSpec.swift */ = {isa = PBXFileReference; fileEncoding = 4; lastKnownFileType = sourcecode.swift; path = MappingSpec.swift; sourceTree = "<group>"; };
		4822CC311D6194FD00783A77 /* NextMappingSpec.swift */ = {isa = PBXFileReference; fileEncoding = 4; lastKnownFileType = sourcecode.swift; path = NextMappingSpec.swift; sourceTree = "<group>"; };
		4822CC321D6194FD00783A77 /* StrategyLatestSpec.swift */ = {isa = PBXFileReference; fileEncoding = 4; lastKnownFileType = sourcecode.swift; path = StrategyLatestSpec.swift; sourceTree = "<group>"; };
		4822CC331D6194FD00783A77 /* TerminatingSpec.swift */ = {isa = PBXFileReference; fileEncoding = 4; lastKnownFileType = sourcecode.swift; path = TerminatingSpec.swift; sourceTree = "<group>"; };
		4822CC391D61961300783A77 /* RxSwift.framework */ = {isa = PBXFileReference; lastKnownFileType = wrapper.framework; path = RxSwift.framework; sourceTree = BUILT_PRODUCTS_DIR; };
		4822CC3F1D61969C00783A77 /* Fixtures.swift */ = {isa = PBXFileReference; fileEncoding = 4; lastKnownFileType = sourcecode.swift; path = Fixtures.swift; sourceTree = "<group>"; };
		4822CC411D6197A800783A77 /* ToRACHelper.swift */ = {isa = PBXFileReference; fileEncoding = 4; lastKnownFileType = sourcecode.swift; path = ToRACHelper.swift; sourceTree = "<group>"; };
		488738DC1D61689000BF70F4 /* RxAutomaton.framework */ = {isa = PBXFileReference; explicitFileType = wrapper.framework; includeInIndex = 0; path = RxAutomaton.framework; sourceTree = BUILT_PRODUCTS_DIR; };
		488738DF1D61689000BF70F4 /* RxAutomaton.h */ = {isa = PBXFileReference; lastKnownFileType = sourcecode.c.h; path = RxAutomaton.h; sourceTree = "<group>"; };
		488738E11D61689000BF70F4 /* Info.plist */ = {isa = PBXFileReference; lastKnownFileType = text.plist.xml; path = Info.plist; sourceTree = "<group>"; };
		488738E61D61689100BF70F4 /* RxAutomatonTests.xctest */ = {isa = PBXFileReference; explicitFileType = wrapper.cfbundle; includeInIndex = 0; path = RxAutomatonTests.xctest; sourceTree = BUILT_PRODUCTS_DIR; };
		488738ED1D61689100BF70F4 /* Info.plist */ = {isa = PBXFileReference; lastKnownFileType = text.plist.xml; path = Info.plist; sourceTree = "<group>"; };
		488738F61D6168A600BF70F4 /* Automaton.swift */ = {isa = PBXFileReference; fileEncoding = 4; lastKnownFileType = sourcecode.swift; path = Automaton.swift; sourceTree = "<group>"; };
		48873F451D616AFD00BF70F4 /* Reply.swift */ = {isa = PBXFileReference; fileEncoding = 4; lastKnownFileType = sourcecode.swift; path = Reply.swift; sourceTree = "<group>"; };
		48873F471D616B4900BF70F4 /* Mapping+Helper.swift */ = {isa = PBXFileReference; fileEncoding = 4; lastKnownFileType = sourcecode.swift; path = "Mapping+Helper.swift"; sourceTree = "<group>"; };
		48873F491D617EF600BF70F4 /* FlattenStrategy.swift */ = {isa = PBXFileReference; fileEncoding = 4; lastKnownFileType = sourcecode.swift; path = FlattenStrategy.swift; sourceTree = "<group>"; };
		488741181D61923300BF70F4 /* UniversalFramework_Base.xcconfig */ = {isa = PBXFileReference; fileEncoding = 4; lastKnownFileType = text.xcconfig; path = UniversalFramework_Base.xcconfig; sourceTree = "<group>"; };
		488741191D61923300BF70F4 /* UniversalFramework_Framework.xcconfig */ = {isa = PBXFileReference; fileEncoding = 4; lastKnownFileType = text.xcconfig; path = UniversalFramework_Framework.xcconfig; sourceTree = "<group>"; };
		4887411A1D61923300BF70F4 /* UniversalFramework_Test.xcconfig */ = {isa = PBXFileReference; fileEncoding = 4; lastKnownFileType = text.xcconfig; path = UniversalFramework_Test.xcconfig; sourceTree = "<group>"; };
		488743021D61927700BF70F4 /* Base.xcconfig */ = {isa = PBXFileReference; lastKnownFileType = text.xcconfig; path = Base.xcconfig; sourceTree = "<group>"; };
		488743031D61927700BF70F4 /* Debug.xcconfig */ = {isa = PBXFileReference; lastKnownFileType = text.xcconfig; path = Debug.xcconfig; sourceTree = "<group>"; };
		488743041D61927700BF70F4 /* Release.xcconfig */ = {isa = PBXFileReference; lastKnownFileType = text.xcconfig; path = Release.xcconfig; sourceTree = "<group>"; };
		48AC076A1D61C962000293FD /* RxAutomatonDemo.app */ = {isa = PBXFileReference; explicitFileType = wrapper.application; includeInIndex = 0; path = RxAutomatonDemo.app; sourceTree = BUILT_PRODUCTS_DIR; };
		48AC076C1D61C962000293FD /* AppDelegate.swift */ = {isa = PBXFileReference; lastKnownFileType = sourcecode.swift; path = AppDelegate.swift; sourceTree = "<group>"; };
		48AC076E1D61C962000293FD /* ViewController.swift */ = {isa = PBXFileReference; lastKnownFileType = sourcecode.swift; path = ViewController.swift; sourceTree = "<group>"; };
		48AC07731D61C962000293FD /* Assets.xcassets */ = {isa = PBXFileReference; lastKnownFileType = folder.assetcatalog; path = Assets.xcassets; sourceTree = "<group>"; };
		48AC07761D61C962000293FD /* Base */ = {isa = PBXFileReference; lastKnownFileType = file.storyboard; name = Base; path = Base.lproj/LaunchScreen.storyboard; sourceTree = "<group>"; };
		48AC07781D61C962000293FD /* Info.plist */ = {isa = PBXFileReference; lastKnownFileType = text.plist.xml; path = Info.plist; sourceTree = "<group>"; };
		48AC07BC1D61CAA0000293FD /* Input.swift */ = {isa = PBXFileReference; fileEncoding = 4; lastKnownFileType = sourcecode.swift; path = Input.swift; sourceTree = "<group>"; };
		48AC07BE1D61CAA7000293FD /* State.swift */ = {isa = PBXFileReference; fileEncoding = 4; lastKnownFileType = sourcecode.swift; path = State.swift; sourceTree = "<group>"; };
		48AC07C11D61CAF0000293FD /* Base */ = {isa = PBXFileReference; lastKnownFileType = file.storyboard; name = Base; path = Base.lproj/Automaton.storyboard; sourceTree = "<group>"; };
		48AC07CA1D61CD6A000293FD /* Helpers.swift */ = {isa = PBXFileReference; fileEncoding = 4; lastKnownFileType = sourcecode.swift; path = Helpers.swift; sourceTree = "<group>"; };
		48AC07CE1D61DA94000293FD /* RxSwift+Then.swift */ = {isa = PBXFileReference; fileEncoding = 4; lastKnownFileType = sourcecode.swift; path = "RxSwift+Then.swift"; sourceTree = "<group>"; };
		48AC07D11D61DADA000293FD /* RxSwift+Pipe.swift */ = {isa = PBXFileReference; fileEncoding = 4; lastKnownFileType = sourcecode.swift; path = "RxSwift+Pipe.swift"; sourceTree = "<group>"; };
/* End PBXFileReference section */

/* Begin PBXFrameworksBuildPhase section */
		488738D81D61689000BF70F4 /* Frameworks */ = {
			isa = PBXFrameworksBuildPhase;
			buildActionMask = 2147483647;
			files = (
				4822CC3A1D61961300783A77 /* RxSwift.framework in Frameworks */,
			);
			runOnlyForDeploymentPostprocessing = 0;
		};
		488738E31D61689100BF70F4 /* Frameworks */ = {
			isa = PBXFrameworksBuildPhase;
			buildActionMask = 2147483647;
			files = (
				4822CC3B1D61961300783A77 /* RxSwift.framework in Frameworks */,
				488738E71D61689100BF70F4 /* RxAutomaton.framework in Frameworks */,
			);
			runOnlyForDeploymentPostprocessing = 0;
		};
		48AC07671D61C962000293FD /* Frameworks */ = {
			isa = PBXFrameworksBuildPhase;
			buildActionMask = 2147483647;
			files = (
				48AC07B41D61CA5B000293FD /* RxAutomaton.framework in Frameworks */,
				1FCAB4D01DC784E400EA6EBF /* RxSwift.framework in Frameworks */,
				1FCAB4CD1DC7845200EA6EBF /* RxCocoa.framework in Frameworks */,
				1FCAB4CF1DC7845700EA6EBF /* Pulsator.framework in Frameworks */,
			);
			runOnlyForDeploymentPostprocessing = 0;
		};
/* End PBXFrameworksBuildPhase section */

/* Begin PBXGroup section */
		4822CC3E1D61969C00783A77 /* Fixtures */ = {
			isa = PBXGroup;
			children = (
				4822CC3F1D61969C00783A77 /* Fixtures.swift */,
				4822CC411D6197A800783A77 /* ToRACHelper.swift */,
			);
			path = Fixtures;
			sourceTree = "<group>";
		};
		488738D21D61689000BF70F4 = {
			isa = PBXGroup;
			children = (
				488743011D61927700BF70F4 /* Configurations */,
				488738DE1D61689000BF70F4 /* RxAutomaton */,
				488738EA1D61689100BF70F4 /* RxAutomatonTests */,
				48AC076B1D61C962000293FD /* RxAutomatonDemo */,
				48873F441D616A0800BF70F4 /* Frameworks */,
				488738DD1D61689000BF70F4 /* Products */,
			);
			sourceTree = "<group>";
		};
		488738DD1D61689000BF70F4 /* Products */ = {
			isa = PBXGroup;
			children = (
				488738DC1D61689000BF70F4 /* RxAutomaton.framework */,
				488738E61D61689100BF70F4 /* RxAutomatonTests.xctest */,
				48AC076A1D61C962000293FD /* RxAutomatonDemo.app */,
			);
			name = Products;
			sourceTree = "<group>";
		};
		488738DE1D61689000BF70F4 /* RxAutomaton */ = {
			isa = PBXGroup;
			children = (
				488738DF1D61689000BF70F4 /* RxAutomaton.h */,
				488738F61D6168A600BF70F4 /* Automaton.swift */,
				48873F451D616AFD00BF70F4 /* Reply.swift */,
				48873F471D616B4900BF70F4 /* Mapping+Helper.swift */,
				48873F491D617EF600BF70F4 /* FlattenStrategy.swift */,
				48AC07D01D61DAAA000293FD /* RxSwift Extensions */,
				488738E11D61689000BF70F4 /* Info.plist */,
			);
			name = RxAutomaton;
			path = Sources;
			sourceTree = "<group>";
		};
		488738EA1D61689100BF70F4 /* RxAutomatonTests */ = {
			isa = PBXGroup;
			children = (
				4822CC3E1D61969C00783A77 /* Fixtures */,
				4822CC301D6194FD00783A77 /* MappingSpec.swift */,
				4822CC2F1D6194FD00783A77 /* AnyMappingSpec.swift */,
				4822CC311D6194FD00783A77 /* NextMappingSpec.swift */,
				4822CC321D6194FD00783A77 /* StrategyLatestSpec.swift */,
				4822CC331D6194FD00783A77 /* TerminatingSpec.swift */,
				488738ED1D61689100BF70F4 /* Info.plist */,
			);
			name = RxAutomatonTests;
			path = Tests;
			sourceTree = "<group>";
		};
		48873F441D616A0800BF70F4 /* Frameworks */ = {
			isa = PBXGroup;
			children = (
				4822CC391D61961300783A77 /* RxSwift.framework */,
				1FCAB4CC1DC7845200EA6EBF /* RxCocoa.framework */,
				1FCAB4CE1DC7845700EA6EBF /* Pulsator.framework */,
			);
			name = Frameworks;
			sourceTree = "<group>";
		};
		488741151D61923300BF70F4 /* mrackwitz/xcconfigs (for target) */ = {
			isa = PBXGroup;
			children = (
				488741181D61923300BF70F4 /* UniversalFramework_Base.xcconfig */,
				488741191D61923300BF70F4 /* UniversalFramework_Framework.xcconfig */,
				4887411A1D61923300BF70F4 /* UniversalFramework_Test.xcconfig */,
			);
			name = "mrackwitz/xcconfigs (for target)";
			path = ../Carthage/Checkouts/xcconfigs;
			sourceTree = "<group>";
		};
		488743011D61927700BF70F4 /* Configurations */ = {
			isa = PBXGroup;
			children = (
				488743051D61928600BF70F4 /* project xcconfigs */,
				488741151D61923300BF70F4 /* mrackwitz/xcconfigs (for target) */,
			);
			path = Configurations;
			sourceTree = "<group>";
		};
		488743051D61928600BF70F4 /* project xcconfigs */ = {
			isa = PBXGroup;
			children = (
				488743021D61927700BF70F4 /* Base.xcconfig */,
				488743031D61927700BF70F4 /* Debug.xcconfig */,
				488743041D61927700BF70F4 /* Release.xcconfig */,
			);
			name = "project xcconfigs";
			sourceTree = "<group>";
		};
		48AC076B1D61C962000293FD /* RxAutomatonDemo */ = {
			isa = PBXGroup;
			children = (
				48AC07CA1D61CD6A000293FD /* Helpers.swift */,
				48AC076C1D61C962000293FD /* AppDelegate.swift */,
				48AC076E1D61C962000293FD /* ViewController.swift */,
				48AC07BE1D61CAA7000293FD /* State.swift */,
				48AC07BC1D61CAA0000293FD /* Input.swift */,
				48AC07C01D61CAF0000293FD /* Automaton.storyboard */,
				48AC07731D61C962000293FD /* Assets.xcassets */,
				48AC07751D61C962000293FD /* LaunchScreen.storyboard */,
				48AC07781D61C962000293FD /* Info.plist */,
			);
			name = RxAutomatonDemo;
			path = Demo;
			sourceTree = "<group>";
		};
		48AC07D01D61DAAA000293FD /* RxSwift Extensions */ = {
			isa = PBXGroup;
			children = (
				48AC07CE1D61DA94000293FD /* RxSwift+Then.swift */,
				48AC07D11D61DADA000293FD /* RxSwift+Pipe.swift */,
			);
			name = "RxSwift Extensions";
			sourceTree = "<group>";
		};
/* End PBXGroup section */

/* Begin PBXHeadersBuildPhase section */
		488738D91D61689000BF70F4 /* Headers */ = {
			isa = PBXHeadersBuildPhase;
			buildActionMask = 2147483647;
			files = (
				488738E01D61689000BF70F4 /* RxAutomaton.h in Headers */,
			);
			runOnlyForDeploymentPostprocessing = 0;
		};
/* End PBXHeadersBuildPhase section */

/* Begin PBXNativeTarget section */
		488738DB1D61689000BF70F4 /* RxAutomaton */ = {
			isa = PBXNativeTarget;
			buildConfigurationList = 488738F01D61689100BF70F4 /* Build configuration list for PBXNativeTarget "RxAutomaton" */;
			buildPhases = (
				488738D71D61689000BF70F4 /* Sources */,
				488738D81D61689000BF70F4 /* Frameworks */,
				488738D91D61689000BF70F4 /* Headers */,
				488738DA1D61689000BF70F4 /* Resources */,
			);
			buildRules = (
			);
			dependencies = (
			);
			name = RxAutomaton;
			productName = RxAutomaton;
			productReference = 488738DC1D61689000BF70F4 /* RxAutomaton.framework */;
			productType = "com.apple.product-type.framework";
		};
		488738E51D61689100BF70F4 /* RxAutomatonTests */ = {
			isa = PBXNativeTarget;
			buildConfigurationList = 488738F31D61689100BF70F4 /* Build configuration list for PBXNativeTarget "RxAutomatonTests" */;
			buildPhases = (
				488738E21D61689100BF70F4 /* Sources */,
				488738E31D61689100BF70F4 /* Frameworks */,
				488738E41D61689100BF70F4 /* Resources */,
			);
			buildRules = (
			);
			dependencies = (
				488738E91D61689100BF70F4 /* PBXTargetDependency */,
			);
			name = RxAutomatonTests;
			productName = RxAutomatonTests;
			productReference = 488738E61D61689100BF70F4 /* RxAutomatonTests.xctest */;
			productType = "com.apple.product-type.bundle.unit-test";
		};
		48AC07691D61C962000293FD /* RxAutomatonDemo */ = {
			isa = PBXNativeTarget;
			buildConfigurationList = 48AC079D1D61C962000293FD /* Build configuration list for PBXNativeTarget "RxAutomatonDemo" */;
			buildPhases = (
				48AC07661D61C962000293FD /* Sources */,
				48AC07671D61C962000293FD /* Frameworks */,
				48AC07681D61C962000293FD /* Resources */,
				48AC07B31D61CA43000293FD /* Embed Frameworks */,
			);
			buildRules = (
			);
			dependencies = (
				48AC07B71D61CA5B000293FD /* PBXTargetDependency */,
			);
			name = RxAutomatonDemo;
			productName = RxAutomatonDemo;
			productReference = 48AC076A1D61C962000293FD /* RxAutomatonDemo.app */;
			productType = "com.apple.product-type.application";
		};
/* End PBXNativeTarget section */

/* Begin PBXProject section */
		488738D31D61689000BF70F4 /* Project object */ = {
			isa = PBXProject;
			attributes = {
				LastSwiftUpdateCheck = 0730;
				LastUpgradeCheck = 0810;
				ORGANIZATIONNAME = "Yasuhiro Inami";
				TargetAttributes = {
					488738DB1D61689000BF70F4 = {
						CreatedOnToolsVersion = 7.3.1;
						LastSwiftMigration = 0800;
						ProvisioningStyle = Manual;
					};
					488738E51D61689100BF70F4 = {
						CreatedOnToolsVersion = 7.3.1;
						LastSwiftMigration = 0800;
					};
					48AC07691D61C962000293FD = {
						CreatedOnToolsVersion = 7.3.1;
						ProvisioningStyle = Manual;
					};
				};
			};
			buildConfigurationList = 488738D61D61689000BF70F4 /* Build configuration list for PBXProject "RxAutomaton" */;
			compatibilityVersion = "Xcode 3.2";
			developmentRegion = English;
			hasScannedForEncodings = 0;
			knownRegions = (
				en,
				Base,
			);
			mainGroup = 488738D21D61689000BF70F4;
			productRefGroup = 488738DD1D61689000BF70F4 /* Products */;
			projectDirPath = "";
			projectRoot = "";
			targets = (
				488738DB1D61689000BF70F4 /* RxAutomaton */,
				488738E51D61689100BF70F4 /* RxAutomatonTests */,
				48AC07691D61C962000293FD /* RxAutomatonDemo */,
			);
		};
/* End PBXProject section */

/* Begin PBXResourcesBuildPhase section */
		488738DA1D61689000BF70F4 /* Resources */ = {
			isa = PBXResourcesBuildPhase;
			buildActionMask = 2147483647;
			files = (
			);
			runOnlyForDeploymentPostprocessing = 0;
		};
		488738E41D61689100BF70F4 /* Resources */ = {
			isa = PBXResourcesBuildPhase;
			buildActionMask = 2147483647;
			files = (
			);
			runOnlyForDeploymentPostprocessing = 0;
		};
		48AC07681D61C962000293FD /* Resources */ = {
			isa = PBXResourcesBuildPhase;
			buildActionMask = 2147483647;
			files = (
				48AC07771D61C962000293FD /* LaunchScreen.storyboard in Resources */,
				48AC07741D61C962000293FD /* Assets.xcassets in Resources */,
				48AC07C21D61CAF0000293FD /* Automaton.storyboard in Resources */,
			);
			runOnlyForDeploymentPostprocessing = 0;
		};
/* End PBXResourcesBuildPhase section */

/* Begin PBXSourcesBuildPhase section */
		488738D71D61689000BF70F4 /* Sources */ = {
			isa = PBXSourcesBuildPhase;
			buildActionMask = 2147483647;
			files = (
				48873F461D616AFD00BF70F4 /* Reply.swift in Sources */,
				48873F4A1D617EF600BF70F4 /* FlattenStrategy.swift in Sources */,
				48873F481D616B4900BF70F4 /* Mapping+Helper.swift in Sources */,
				48AC07D21D61DADA000293FD /* RxSwift+Pipe.swift in Sources */,
				48AC07CF1D61DA94000293FD /* RxSwift+Then.swift in Sources */,
				488738F71D6168A600BF70F4 /* Automaton.swift in Sources */,
			);
			runOnlyForDeploymentPostprocessing = 0;
		};
		488738E21D61689100BF70F4 /* Sources */ = {
			isa = PBXSourcesBuildPhase;
			buildActionMask = 2147483647;
			files = (
				4822CC351D6194FD00783A77 /* MappingSpec.swift in Sources */,
				4822CC401D61969C00783A77 /* Fixtures.swift in Sources */,
				487BDE631D619D3200C86902 /* AnyMappingSpec.swift in Sources */,
				487BDE6C1D61B03700C86902 /* NextMappingSpec.swift in Sources */,
				487BDE641D619D4500C86902 /* TerminatingSpec.swift in Sources */,
				487BDE6B1D61AFF300C86902 /* StrategyLatestSpec.swift in Sources */,
				4822CC421D6197A800783A77 /* ToRACHelper.swift in Sources */,
			);
			runOnlyForDeploymentPostprocessing = 0;
		};
		48AC07661D61C962000293FD /* Sources */ = {
			isa = PBXSourcesBuildPhase;
			buildActionMask = 2147483647;
			files = (
				48AC07CB1D61CD6A000293FD /* Helpers.swift in Sources */,
				48AC076F1D61C962000293FD /* ViewController.swift in Sources */,
				48AC076D1D61C962000293FD /* AppDelegate.swift in Sources */,
				48AC07C41D61CC04000293FD /* Input.swift in Sources */,
				48AC07C31D61CC02000293FD /* State.swift in Sources */,
			);
			runOnlyForDeploymentPostprocessing = 0;
		};
/* End PBXSourcesBuildPhase section */

/* Begin PBXTargetDependency section */
		488738E91D61689100BF70F4 /* PBXTargetDependency */ = {
			isa = PBXTargetDependency;
			target = 488738DB1D61689000BF70F4 /* RxAutomaton */;
			targetProxy = 488738E81D61689100BF70F4 /* PBXContainerItemProxy */;
		};
		48AC07B71D61CA5B000293FD /* PBXTargetDependency */ = {
			isa = PBXTargetDependency;
			target = 488738DB1D61689000BF70F4 /* RxAutomaton */;
			targetProxy = 48AC07B61D61CA5B000293FD /* PBXContainerItemProxy */;
		};
/* End PBXTargetDependency section */

/* Begin PBXVariantGroup section */
		48AC07751D61C962000293FD /* LaunchScreen.storyboard */ = {
			isa = PBXVariantGroup;
			children = (
				48AC07761D61C962000293FD /* Base */,
			);
			name = LaunchScreen.storyboard;
			sourceTree = "<group>";
		};
		48AC07C01D61CAF0000293FD /* Automaton.storyboard */ = {
			isa = PBXVariantGroup;
			children = (
				48AC07C11D61CAF0000293FD /* Base */,
			);
			name = Automaton.storyboard;
			sourceTree = "<group>";
		};
/* End PBXVariantGroup section */

/* Begin XCBuildConfiguration section */
		488738EE1D61689100BF70F4 /* Debug */ = {
			isa = XCBuildConfiguration;
			baseConfigurationReference = 488743031D61927700BF70F4 /* Debug.xcconfig */;
			buildSettings = {
				ALWAYS_SEARCH_USER_PATHS = NO;
				CLANG_ANALYZER_NONNULL = YES;
				CLANG_CXX_LANGUAGE_STANDARD = "gnu++0x";
				CLANG_CXX_LIBRARY = "libc++";
				CLANG_ENABLE_MODULES = YES;
				CLANG_ENABLE_OBJC_ARC = YES;
				CLANG_WARN_BOOL_CONVERSION = YES;
				CLANG_WARN_CONSTANT_CONVERSION = YES;
				CLANG_WARN_DIRECT_OBJC_ISA_USAGE = YES_ERROR;
				CLANG_WARN_EMPTY_BODY = YES;
				CLANG_WARN_ENUM_CONVERSION = YES;
				CLANG_WARN_INFINITE_RECURSION = YES;
				CLANG_WARN_INT_CONVERSION = YES;
				CLANG_WARN_OBJC_ROOT_CLASS = YES_ERROR;
				CLANG_WARN_SUSPICIOUS_MOVE = YES;
				CLANG_WARN_UNREACHABLE_CODE = YES;
				CLANG_WARN__DUPLICATE_METHOD_MATCH = YES;
				COPY_PHASE_STRIP = NO;
				CURRENT_PROJECT_VERSION = 1;
				DEBUG_INFORMATION_FORMAT = dwarf;
				ENABLE_STRICT_OBJC_MSGSEND = YES;
				ENABLE_TESTABILITY = YES;
				GCC_C_LANGUAGE_STANDARD = gnu99;
				GCC_DYNAMIC_NO_PIC = NO;
				GCC_NO_COMMON_BLOCKS = YES;
				GCC_OPTIMIZATION_LEVEL = 0;
				GCC_PREPROCESSOR_DEFINITIONS = (
					"DEBUG=1",
					"$(inherited)",
				);
				GCC_WARN_64_TO_32_BIT_CONVERSION = YES;
				GCC_WARN_ABOUT_RETURN_TYPE = YES_ERROR;
				GCC_WARN_UNDECLARED_SELECTOR = YES;
				GCC_WARN_UNINITIALIZED_AUTOS = YES_AGGRESSIVE;
				GCC_WARN_UNUSED_FUNCTION = YES;
				GCC_WARN_UNUSED_VARIABLE = YES;
				MTL_ENABLE_DEBUG_INFO = YES;
				ONLY_ACTIVE_ARCH = YES;
				SDKROOT = iphoneos;
				TARGETED_DEVICE_FAMILY = "1,2";
				VERSIONING_SYSTEM = "apple-generic";
				VERSION_INFO_PREFIX = "";
			};
			name = Debug;
		};
		488738EF1D61689100BF70F4 /* Release */ = {
			isa = XCBuildConfiguration;
			baseConfigurationReference = 488743041D61927700BF70F4 /* Release.xcconfig */;
			buildSettings = {
				ALWAYS_SEARCH_USER_PATHS = NO;
				CLANG_ANALYZER_NONNULL = YES;
				CLANG_CXX_LANGUAGE_STANDARD = "gnu++0x";
				CLANG_CXX_LIBRARY = "libc++";
				CLANG_ENABLE_MODULES = YES;
				CLANG_ENABLE_OBJC_ARC = YES;
				CLANG_WARN_BOOL_CONVERSION = YES;
				CLANG_WARN_CONSTANT_CONVERSION = YES;
				CLANG_WARN_DIRECT_OBJC_ISA_USAGE = YES_ERROR;
				CLANG_WARN_EMPTY_BODY = YES;
				CLANG_WARN_ENUM_CONVERSION = YES;
				CLANG_WARN_INFINITE_RECURSION = YES;
				CLANG_WARN_INT_CONVERSION = YES;
				CLANG_WARN_OBJC_ROOT_CLASS = YES_ERROR;
				CLANG_WARN_SUSPICIOUS_MOVE = YES;
				CLANG_WARN_UNREACHABLE_CODE = YES;
				CLANG_WARN__DUPLICATE_METHOD_MATCH = YES;
				COPY_PHASE_STRIP = NO;
				CURRENT_PROJECT_VERSION = 1;
				DEBUG_INFORMATION_FORMAT = "dwarf-with-dsym";
				ENABLE_NS_ASSERTIONS = NO;
				ENABLE_STRICT_OBJC_MSGSEND = YES;
				GCC_C_LANGUAGE_STANDARD = gnu99;
				GCC_NO_COMMON_BLOCKS = YES;
				GCC_WARN_64_TO_32_BIT_CONVERSION = YES;
				GCC_WARN_ABOUT_RETURN_TYPE = YES_ERROR;
				GCC_WARN_UNDECLARED_SELECTOR = YES;
				GCC_WARN_UNINITIALIZED_AUTOS = YES_AGGRESSIVE;
				GCC_WARN_UNUSED_FUNCTION = YES;
				GCC_WARN_UNUSED_VARIABLE = YES;
				MTL_ENABLE_DEBUG_INFO = NO;
				SDKROOT = iphoneos;
				TARGETED_DEVICE_FAMILY = "1,2";
				VALIDATE_PRODUCT = YES;
				VERSIONING_SYSTEM = "apple-generic";
				VERSION_INFO_PREFIX = "";
			};
			name = Release;
		};
		488738F11D61689100BF70F4 /* Debug */ = {
			isa = XCBuildConfiguration;
			baseConfigurationReference = 488741191D61923300BF70F4 /* UniversalFramework_Framework.xcconfig */;
			buildSettings = {
				CLANG_ENABLE_MODULES = YES;
				"CODE_SIGN_IDENTITY[sdk=iphoneos*]" = "";
				DEFINES_MODULE = YES;
				DEVELOPMENT_TEAM = "";
				DYLIB_COMPATIBILITY_VERSION = 1;
				DYLIB_CURRENT_VERSION = 1;
				DYLIB_INSTALL_NAME_BASE = "@rpath";
				INFOPLIST_FILE = Sources/Info.plist;
				INSTALL_PATH = "$(LOCAL_LIBRARY_DIR)/Frameworks";
				PRODUCT_BUNDLE_IDENTIFIER = com.inamiy.RxAutomaton;
				PRODUCT_NAME = "$(TARGET_NAME)";
				SKIP_INSTALL = YES;
			};
			name = Debug;
		};
		488738F21D61689100BF70F4 /* Release */ = {
			isa = XCBuildConfiguration;
			baseConfigurationReference = 488741191D61923300BF70F4 /* UniversalFramework_Framework.xcconfig */;
			buildSettings = {
				CLANG_ENABLE_MODULES = YES;
				"CODE_SIGN_IDENTITY[sdk=iphoneos*]" = "";
				DEFINES_MODULE = YES;
				DEVELOPMENT_TEAM = "";
				DYLIB_COMPATIBILITY_VERSION = 1;
				DYLIB_CURRENT_VERSION = 1;
				DYLIB_INSTALL_NAME_BASE = "@rpath";
				INFOPLIST_FILE = Sources/Info.plist;
				INSTALL_PATH = "$(LOCAL_LIBRARY_DIR)/Frameworks";
				PRODUCT_BUNDLE_IDENTIFIER = com.inamiy.RxAutomaton;
				PRODUCT_NAME = "$(TARGET_NAME)";
				SKIP_INSTALL = YES;
			};
			name = Release;
		};
		488738F41D61689100BF70F4 /* Debug */ = {
			isa = XCBuildConfiguration;
			baseConfigurationReference = 4887411A1D61923300BF70F4 /* UniversalFramework_Test.xcconfig */;
			buildSettings = {
				CLANG_ENABLE_MODULES = YES;
				INFOPLIST_FILE = Tests/Info.plist;
				PRODUCT_BUNDLE_IDENTIFIER = com.inamiy.RxAutomatonTests;
				PRODUCT_NAME = "$(TARGET_NAME)";
			};
			name = Debug;
		};
		488738F51D61689100BF70F4 /* Release */ = {
			isa = XCBuildConfiguration;
			baseConfigurationReference = 4887411A1D61923300BF70F4 /* UniversalFramework_Test.xcconfig */;
			buildSettings = {
				CLANG_ENABLE_MODULES = YES;
				INFOPLIST_FILE = Tests/Info.plist;
				PRODUCT_BUNDLE_IDENTIFIER = com.inamiy.RxAutomatonTests;
				PRODUCT_NAME = "$(TARGET_NAME)";
			};
			name = Release;
		};
		48AC07791D61C962000293FD /* Debug */ = {
			isa = XCBuildConfiguration;
			buildSettings = {
				ALWAYS_EMBED_SWIFT_STANDARD_LIBRARIES = YES;
				ASSETCATALOG_COMPILER_APPICON_NAME = AppIcon;
				"CODE_SIGN_IDENTITY[sdk=iphoneos*]" = "iPhone Developer";
				DEVELOPMENT_TEAM = "";
				INFOPLIST_FILE = "$(SRCROOT)/Demo/Info.plist";
				IPHONEOS_DEPLOYMENT_TARGET = 9.3;
				LD_RUNPATH_SEARCH_PATHS = "$(inherited) @executable_path/Frameworks";
				PRODUCT_BUNDLE_IDENTIFIER = com.inamiy.RxAutomatonDemo;
				PRODUCT_NAME = "$(TARGET_NAME)";
				SWIFT_OPTIMIZATION_LEVEL = "-Onone";
			};
			name = Debug;
		};
		48AC077A1D61C962000293FD /* Release */ = {
			isa = XCBuildConfiguration;
			buildSettings = {
				ALWAYS_EMBED_SWIFT_STANDARD_LIBRARIES = YES;
				ASSETCATALOG_COMPILER_APPICON_NAME = AppIcon;
				"CODE_SIGN_IDENTITY[sdk=iphoneos*]" = "iPhone Developer";
				DEVELOPMENT_TEAM = "";
				INFOPLIST_FILE = "$(SRCROOT)/Demo/Info.plist";
				IPHONEOS_DEPLOYMENT_TARGET = 9.3;
				LD_RUNPATH_SEARCH_PATHS = "$(inherited) @executable_path/Frameworks";
				PRODUCT_BUNDLE_IDENTIFIER = com.inamiy.RxAutomatonDemo;
				PRODUCT_NAME = "$(TARGET_NAME)";
			};
			name = Release;
		};
/* End XCBuildConfiguration section */

/* Begin XCConfigurationList section */
		488738D61D61689000BF70F4 /* Build configuration list for PBXProject "RxAutomaton" */ = {
			isa = XCConfigurationList;
			buildConfigurations = (
				488738EE1D61689100BF70F4 /* Debug */,
				488738EF1D61689100BF70F4 /* Release */,
			);
			defaultConfigurationIsVisible = 0;
			defaultConfigurationName = Release;
		};
		488738F01D61689100BF70F4 /* Build configuration list for PBXNativeTarget "RxAutomaton" */ = {
			isa = XCConfigurationList;
			buildConfigurations = (
				488738F11D61689100BF70F4 /* Debug */,
				488738F21D61689100BF70F4 /* Release */,
			);
			defaultConfigurationIsVisible = 0;
			defaultConfigurationName = Release;
		};
		488738F31D61689100BF70F4 /* Build configuration list for PBXNativeTarget "RxAutomatonTests" */ = {
			isa = XCConfigurationList;
			buildConfigurations = (
				488738F41D61689100BF70F4 /* Debug */,
				488738F51D61689100BF70F4 /* Release */,
			);
			defaultConfigurationIsVisible = 0;
			defaultConfigurationName = Release;
		};
		48AC079D1D61C962000293FD /* Build configuration list for PBXNativeTarget "RxAutomatonDemo" */ = {
			isa = XCConfigurationList;
			buildConfigurations = (
				48AC07791D61C962000293FD /* Debug */,
				48AC077A1D61C962000293FD /* Release */,
			);
			defaultConfigurationIsVisible = 0;
			defaultConfigurationName = Release;
		};
/* End XCConfigurationList section */
	};
	rootObject = 488738D31D61689000BF70F4 /* Project object */;
}
